# THIS IS AN AUTOGENERATED FILE. DO NOT EDIT THIS FILE DIRECTLY.
# yarn lockfile v1


"@types/component-emitter@^1.2.10":
  version "1.2.10"
  resolved "https://registry.npmjs.org/@types/component-emitter/-/component-emitter-1.2.10.tgz"
  integrity sha512-bsjleuRKWmGqajMerkzox19aGbscQX5rmmvvXl3wlIp5gMG1HgkiwPxsN5p070fBDKTNSPgojVbuY1+HWMbFhg==

"@types/keyv@^3.1.1":
  version "3.1.1"
  resolved "https://registry.npmjs.org/@types/keyv/-/keyv-3.1.1.tgz"
  integrity sha512-MPtoySlAZQ37VoLaPcTHCu1RWJ4llDkULYZIzOYxlhxBqYPB0RsRlmMU0R6tahtFe27mIdkHV+551ZWV4PLmVw==
  dependencies:
    "@types/node" "*"

"@types/node@*", "@types/node@>=14":
  version "15.12.5"
  resolved "https://registry.npmjs.org/@types/node/-/node-15.12.5.tgz"
  integrity sha512-se3yX7UHv5Bscf8f1ERKvQOD6sTyycH3hdaoozvaLxgUiY5lIGEeH37AD0G0Qi9kPqihPn0HOfd2yaIEN9VwEg==

backo2@~1.0.2:
  version "1.0.2"
  resolved "https://registry.npmjs.org/backo2/-/backo2-1.0.2.tgz"
  integrity sha1-MasayLEpNjRj41s+u2n038+6eUc=

base64-arraybuffer@0.1.4:
  version "0.1.4"
  resolved "https://registry.npmjs.org/base64-arraybuffer/-/base64-arraybuffer-0.1.4.tgz"
  integrity sha1-mBjHngWbE1X5fgQooBfIOOkLqBI=

blakets@^0.0.0-3, blakets@^0.0.0-4:
  version "0.0.0-4"
  resolved "https://registry.npmjs.org/blakets/-/blakets-0.0.0-4.tgz"
  integrity sha512-3PFE71fmj0uxwqgMsq7+T5/hDINCddx3+x6qTrbb6FQUPwjB3+2yup1dKUJQYjC7Y4R3JDiy03TatMIOXiknRw==
  dependencies:
    doge-json ">=1.1.0-3"

component-emitter@~1.3.0:
  version "1.3.0"
  resolved "https://registry.npmjs.org/component-emitter/-/component-emitter-1.3.0.tgz"
  integrity sha512-Rd3se6QB+sO1TwqZjscQrurpEPIfO0/yYnSin6Q/rD3mOutHvUrCAhJub3r90uNb+SESBuE0QYoB90YdfatsRg==

debug@~4.3.1:
  version "4.3.1"
  resolved "https://registry.npmjs.org/debug/-/debug-4.3.1.tgz"
  integrity sha512-doEwdvm4PCeK4K3RQN2ZC2BYUBaxwLARCqZmMjtF8a51J2Rb0xpVloFRnCODwqjpwnAoao4pelN8l3RJdv3gRQ==
  dependencies:
    ms "2.1.2"

doge-config@^0.3.0-3:
  version "0.3.0-4"
  resolved "https://registry.npmjs.org/doge-config/-/doge-config-0.3.0-4.tgz"
  integrity sha512-Z8QScefOwbVze/x2MTajyMMjplC1Tk8/2Nf/CbZUxFBd9lMbrpmX5dIDJbMi8PCDwfqEa77gaBTxI/FXzfXdJQ==
  dependencies:
    doge-json "^1.0.4"

doge-json@>=1.1.0-3:
  version "1.1.0-3"
  resolved "https://registry.npmjs.org/doge-json/-/doge-json-1.1.0-3.tgz"
  integrity sha512-TO+n1rJOto2ildgC8KpaZ1OwrGTi+EL/F9dwnn7o4MMMuoGP20aP4p5jkO69C0SGGVVPgsk8+NxaClA5boGDYQ==

doge-json@^1.0.4:
  version "1.0.4"
  resolved "https://registry.npmjs.org/doge-json/-/doge-json-1.0.4.tgz"
  integrity sha512-4E/33E0ylyCsGyM5LDEkBTxtq7sI5hV/hgMZl9naqtu8iV+Sow/t2j1CrUqdEWSieLxHtOJ7HfgbLPuDo37k7A==

engine.io-client@~4.1.0:
  version "4.1.4"
  resolved "https://registry.npmjs.org/engine.io-client/-/engine.io-client-4.1.4.tgz"
  integrity sha512-843fqAdKeUMFqKi1sSjnR11tJ4wi8sIefu6+JC1OzkkJBmjtc/gM/rZ53tJfu5Iae/3gApm5veoS+v+gtT0+Fg==
  dependencies:
    base64-arraybuffer "0.1.4"
    component-emitter "~1.3.0"
    debug "~4.3.1"
    engine.io-parser "~4.0.1"
    has-cors "1.1.0"
    parseqs "0.0.6"
    parseuri "0.0.6"
    ws "~7.4.2"
    xmlhttprequest-ssl "~1.6.2"
    yeast "0.1.2"

engine.io-parser@~4.0.1:
  version "4.0.2"
  resolved "https://registry.npmjs.org/engine.io-parser/-/engine.io-parser-4.0.2.tgz"
  integrity sha512-sHfEQv6nmtJrq6TKuIz5kyEKH/qSdK56H/A+7DnAuUPWosnIZAS2NHNcPLmyjtY3cGS/MqJdZbUjW97JU72iYg==
  dependencies:
    base64-arraybuffer "0.1.4"

has-cors@1.1.0:
  version "1.1.0"
  resolved "https://registry.npmjs.org/has-cors/-/has-cors-1.1.0.tgz"
  integrity sha1-XkdHk/fqmEPRu5nCPu9J/xJv/zk=

json-buffer@3.0.1:
  version "3.0.1"
  resolved "https://registry.npmjs.org/json-buffer/-/json-buffer-3.0.1.tgz"
  integrity sha512-4bV5BfR2mqfQTJm+V5tPPdf+ZpuhiIvTuAB5g8kcrXOZpTT/QwwVRWBywX1ozr6lEuPdbHxwaJlm9G6mI2sfSQ==

keyv@^4.0.3:
  version "4.0.3"
  resolved "https://registry.npmjs.org/keyv/-/keyv-4.0.3.tgz"
  integrity sha512-zdGa2TOpSZPq5mU6iowDARnMBZgtCqJ11dJROFi6tg6kTn4nuUdU09lFyLFSaHrWqpIJ+EBq4E8/Dc0Vx5vLdA==
  dependencies:
    json-buffer "3.0.1"

mime-db@1.48.0:
  version "1.48.0"
  resolved "https://registry.npmjs.org/mime-db/-/mime-db-1.48.0.tgz"
  integrity sha512-FM3QwxV+TnZYQ2aRqhlKBMHxk10lTbMt3bBkMAp54ddrNeVSfcQYOOKuGuy3Ddrm38I04If834fOUSq1yzslJQ==

mime-types@^2.1.28:
  version "2.1.31"
  resolved "https://registry.npmjs.org/mime-types/-/mime-types-2.1.31.tgz"
  integrity sha512-XGZnNzm3QvgKxa8dpzyhFTHmpP3l5YNusmne07VUOXxou9CqUqYa/HBy124RqtVh/O2pECas/MOcsDgpilPOPg==
  dependencies:
    mime-db "1.48.0"

ms@2.1.2:
  version "2.1.2"
  resolved "https://registry.npmjs.org/ms/-/ms-2.1.2.tgz"
  integrity sha512-sGkPx+VjMtmA6MX27oA4FBFELFCZZ4S4XqeGOXCv68tT+jb3vk/RyaKWP0PTKyWtmLSM0b+adUTEvbs1PEaH2w==

node-fetch@^2.6.1:
  version "2.6.1"
  resolved "https://registry.npmjs.org/node-fetch/-/node-fetch-2.6.1.tgz"
  integrity sha512-V4aYg89jEoVRxRb2fJdAg8FHvI7cEyYdVAh94HH0UIK8oJxUfkjlDQN9RbMx+bEjP7+ggMiFRprSti032Oipxw==

nodesite.eu@^1.2.0-10:
  version "1.2.0-10"
  resolved "https://registry.npmjs.org/nodesite.eu/-/nodesite.eu-1.2.0-10.tgz"
  integrity sha512-xGtM/r/1N6wRqdXZpTKzY8jIqv5RCc2FchTXg/LY6U4XONqtl+dUS51qmdxRh2n2e+SqpxiRn3hT2LQvrHeqnw==
  dependencies:
    blakets "^0.0.0-3"
    doge-config "^0.3.0-3"
    mime-types "^2.1.28"
    node-fetch "^2.6.1"
    socket.io-client "^3.1.0"
    ts-hound "^1.0.7"

nsblob@^0.2.6:
  version "0.2.6"
  resolved "https://registry.npmjs.org/nsblob/-/nsblob-0.2.6.tgz"
  integrity sha512-gQJml7XYoEO39P5lJnIa6h19YDWdEIvotQs8wRUvgqNgHwGcvbMkY8Ujo8V57h/xajlt2P8Lqokyt7bDtTmUKw==
  dependencies:
    blakets "^0.0.0-3"
    nodesite.eu "^1.2.0-10"

parseqs@0.0.6:
  version "0.0.6"
  resolved "https://registry.npmjs.org/parseqs/-/parseqs-0.0.6.tgz"
  integrity sha512-jeAGzMDbfSHHA091hr0r31eYfTig+29g3GKKE/PPbEQ65X0lmMwlEoqmhzu0iztID5uJpZsFlUPDP8ThPL7M8w==

parseuri@0.0.6:
  version "0.0.6"
  resolved "https://registry.npmjs.org/parseuri/-/parseuri-0.0.6.tgz"
  integrity sha512-AUjen8sAkGgao7UyCX6Ahv0gIK2fABKmYjvP4xmy5JaKvcbTRueIqIPHLAfq30xJddqSE033IOMUSOMCcK3Sow==

quick-lru@5.1.1:
  version "5.1.1"
  resolved "https://registry.npmjs.org/quick-lru/-/quick-lru-5.1.1.tgz"
  integrity sha512-WuyALRjWPDGtt/wzJiadO5AXY+8hZ80hVpe6MyivgraREW751X3SbhRvG3eLKOYN+8VEvqLcf3wdnt44Z4S4SA==

socket.io-client@^3.1.0:
  version "3.1.3"
  resolved "https://registry.npmjs.org/socket.io-client/-/socket.io-client-3.1.3.tgz"
  integrity sha512-4sIGOGOmCg3AOgGi7EEr6ZkTZRkrXwub70bBB/F0JSkMOUFpA77WsL87o34DffQQ31PkbMUIadGOk+3tx1KGbw==
  dependencies:
    "@types/component-emitter" "^1.2.10"
    backo2 "~1.0.2"
    component-emitter "~1.3.0"
    debug "~4.3.1"
    engine.io-client "~4.1.0"
    parseuri "0.0.6"
    socket.io-parser "~4.0.4"

socket.io-parser@~4.0.4:
  version "4.0.4"
  resolved "https://registry.npmjs.org/socket.io-parser/-/socket.io-parser-4.0.4.tgz"
  integrity sha512-t+b0SS+IxG7Rxzda2EVvyBZbvFPBCjJoyHuE0P//7OAsN23GItzDRdWa6ALxZI/8R5ygK7jAR6t028/z+7295g==
  dependencies:
    "@types/component-emitter" "^1.2.10"
    component-emitter "~1.3.0"
    debug "~4.3.1"

ts-hound@^1.0.7:
  version "1.0.7"
  resolved "https://registry.npmjs.org/ts-hound/-/ts-hound-1.0.7.tgz"
  integrity sha512-36EK3QQfAMgf4lvWRgvyP4Vxthf+CybmaXqKSHhASjZbiEiKDDoNbm8jLnuzvoHRtWCaEZ5u0QqWcuFRowoffg==

ws@~7.4.2:
  version "7.4.6"
  resolved "https://registry.npmjs.org/ws/-/ws-7.4.6.tgz"
  integrity sha512-YmhHDO4MzaDLB+M9ym/mDA5z0naX8j7SIlT8f8z+I0VtzsRbekxEutHSme7NPS2qE8StCYQNUnfWdXta/Yu85A==

xmlhttprequest-ssl@~1.6.2:
  version "1.6.3"
  resolved "https://registry.npmjs.org/xmlhttprequest-ssl/-/xmlhttprequest-ssl-1.6.3.tgz"
  integrity sha512-3XfeQE/wNkvrIktn2Kf0869fC0BN6UpydVasGIeSm2B1Llihf7/0UfZM+eCkOw3P7bP4+qPgqhm7ZoxuJtFU0Q==

yeast@0.1.2:
  version "0.1.2"
  resolved "https://registry.npmjs.org/yeast/-/yeast-0.1.2.tgz"
  integrity sha1-AI4G2AlDIMNy28L47XagymyKxBk=
